
Microsoft Visual Studio Solution File, Format Version 12.00
Project("{FAE04EC0-301F-11D3-BF4B-00C04F79EFBC}") = "Heroes.App", "Heroes.App\Heroes.App.csproj", "{80E50E88-91DB-4A55-B830-AA9E4887EC06}"
EndProject
Global
	GlobalSection(SolutionConfigurationPlatforms) = preSolution
		Debug|Any CPU = Debug|Any CPU
		Release|Any CPU = Release|Any CPU
	EndGlobalSection
	GlobalSection(ProjectConfigurationPlatforms) = postSolution
		{80E50E88-91DB-4A55-B830-AA9E4887EC06}.Debug|Any CPU.ActiveCfg = Debug|Any CPU
		{80E50E88-91DB-4A55-B830-AA9E4887EC06}.Debug|Any CPU.Build.0 = Debug|Any CPU
		{80E50E88-91DB-4A55-B830-AA9E4887EC06}.Release|Any CPU.ActiveCfg = Release|Any CPU
		{80E50E88-91DB-4A55-B830-AA9E4887EC06}.Release|Any CPU.Build.0 = Release|Any CPU
	EndGlobalSection
EndGlobal
